// !$*UTF8*$!
{
	archiveVersion = 1;
	classes = {
	};
	objectVersion = 56;
	objects = {

/* Begin PBXBuildFile section */
		00F67A022E4D124100C8C5A4 /* CatalogoDeRestaurantesApp.swift in Sources */ = {isa = PBXBuildFile; fileRef = 00F67A012E4D124100C8C5A4 /* CatalogoDeRestaurantesApp.swift */; };
		00F67A042E4D124100C8C5A4 /* ContentView.swift in Sources */ = {isa = PBXBuildFile; fileRef = 00F67A032E4D124100C8C5A4 /* ContentView.swift */; };
		00F67A062E4D124400C8C5A4 /* Assets.xcassets in Resources */ = {isa = PBXBuildFile; fileRef = 00F67A052E4D124400C8C5A4 /* Assets.xcassets */; };
		00F67A092E4D124400C8C5A4 /* Preview Assets.xcassets in Resources */ = {isa = PBXBuildFile; fileRef = 00F67A082E4D124400C8C5A4 /* Preview Assets.xcassets */; };
		00F67A132E4D124500C8C5A4 /* CatalogoDeRestaurantesTests.swift in Sources */ = {isa = PBXBuildFile; fileRef = 00F67A122E4D124500C8C5A4 /* CatalogoDeRestaurantesTests.swift */; };
/* End PBXBuildFile section */

/* Begin PBXContainerItemProxy section */
		00F67A0F2E4D124500C8C5A4 /* PBXContainerItemProxy */ = {
			isa = PBXContainerItemProxy;
			containerPortal = 00F679F62E4D124100C8C5A4 /* Project object */;
			proxyType = 1;
			remoteGlobalIDString = 00F679FD2E4D124100C8C5A4;
			remoteInfo = CatalogoDeRestaurantes;
		};
		00F67A192E4D124500C8C5A4 /* PBXContainerItemProxy */ = {
			isa = PBXContainerItemProxy;
			containerPortal = 00F679F62E4D124100C8C5A4 /* Project object */;
			proxyType = 1;
			remoteGlobalIDString = 00F679FD2E4D124100C8C5A4;
			remoteInfo = CatalogoDeRestaurantes;
		};
/* End PBXContainerItemProxy section */

/* Begin PBXFileReference section */
		00F679FE2E4D124100C8C5A4 /* CatalogoDeRestaurantes.app */ = {isa = PBXFileReference; explicitFileType = wrapper.application; includeInIndex = 0; path = CatalogoDeRestaurantes.app; sourceTree = BUILT_PRODUCTS_DIR; };
		00F67A012E4D124100C8C5A4 /* CatalogoDeRestaurantesApp.swift */ = {isa = PBXFileReference; lastKnownFileType = sourcecode.swift; path = CatalogoDeRestaurantesApp.swift; sourceTree = "<group>"; };
		00F67A032E4D124100C8C5A4 /* ContentView.swift */ = {isa = PBXFileReference; lastKnownFileType = sourcecode.swift; path = ContentView.swift; sourceTree = "<group>"; };
		00F67A052E4D124400C8C5A4 /* Assets.xcassets */ = {isa = PBXFileReference; lastKnownFileType = folder.assetcatalog; path = Assets.xcassets; sourceTree = "<group>"; };
		00F67A082E4D124400C8C5A4 /* Preview Assets.xcassets */ = {isa = PBXFileReference; lastKnownFileType = folder.assetcatalog; path = "Preview Assets.xcassets"; sourceTree = "<group>"; };
		00F67A0E2E4D124500C8C5A4 /* CatalogoDeRestaurantesTests.xctest */ = {isa = PBXFileReference; explicitFileType = wrapper.cfbundle; includeInIndex = 0; path = CatalogoDeRestaurantesTests.xctest; sourceTree = BUILT_PRODUCTS_DIR; };
		00F67A122E4D124500C8C5A4 /* CatalogoDeRestaurantesTests.swift */ = {isa = PBXFileReference; lastKnownFileType = sourcecode.swift; path = CatalogoDeRestaurantesTests.swift; sourceTree = "<group>"; };
		00F67A182E4D124500C8C5A4 /* CatalogoDeRestaurantesUITests.xctest */ = {isa = PBXFileReference; explicitFileType = wrapper.cfbundle; includeInIndex = 0; path = CatalogoDeRestaurantesUITests.xctest; sourceTree = BUILT_PRODUCTS_DIR; };
/* End PBXFileReference section */

/* Begin PBXFrameworksBuildPhase section */
		00F679FB2E4D124100C8C5A4 /* Frameworks */ = {
			isa = PBXFrameworksBuildPhase;
			buildActionMask = 2147483647;
			files = (
			);
			runOnlyForDeploymentPostprocessing = 0;
		};
		00F67A0B2E4D124500C8C5A4 /* Frameworks */ = {
			isa = PBXFrameworksBuildPhase;
			buildActionMask = 2147483647;
			files = (
			);
			runOnlyForDeploymentPostprocessing = 0;
		};
		00F67A152E4D124500C8C5A4 /* Frameworks */ = {
			isa = PBXFrameworksBuildPhase;
			buildActionMask = 2147483647;
			files = (
			);
			runOnlyForDeploymentPostprocessing = 0;
		};
/* End PBXFrameworksBuildPhase section */

/* Begin PBXGroup section */
		00F679F52E4D124100C8C5A4 = {
			isa = PBXGroup;
			children = (
				00F67A002E4D124100C8C5A4 /* CatalogoDeRestaurantes */,
				00F67A112E4D124500C8C5A4 /* CatalogoDeRestaurantesTests */,
				00F679FF2E4D124100C8C5A4 /* Products */,
			);
			sourceTree = "<group>";
		};
		00F679FF2E4D124100C8C5A4 /* Products */ = {
			isa = PBXGroup;
			children = (
				00F679FE2E4D124100C8C5A4 /* CatalogoDeRestaurantes.app */,
				00F67A0E2E4D124500C8C5A4 /* CatalogoDeRestaurantesTests.xctest */,
				00F67A182E4D124500C8C5A4 /* CatalogoDeRestaurantesUITests.xctest */,
			);
			name = Products;
			sourceTree = "<group>";
		};
		00F67A002E4D124100C8C5A4 /* CatalogoDeRestaurantes */ = {
			isa = PBXGroup;
			children = (
				00F67A012E4D124100C8C5A4 /* CatalogoDeRestaurantesApp.swift */,
				00F67A032E4D124100C8C5A4 /* ContentView.swift */,
				00F67A052E4D124400C8C5A4 /* Assets.xcassets */,
				00F67A072E4D124400C8C5A4 /* Preview Content */,
			);
			path = CatalogoDeRestaurantes;
			sourceTree = "<group>";
		};
		00F67A072E4D124400C8C5A4 /* Preview Content */ = {
			isa = PBXGroup;
			children = (
				00F67A082E4D124400C8C5A4 /* Preview Assets.xcassets */,
			);
			path = "Preview Content";
			sourceTree = "<group>";
		};
		00F67A112E4D124500C8C5A4 /* CatalogoDeRestaurantesTests */ = {
			isa = PBXGroup;
			children = (
				00F67A122E4D124500C8C5A4 /* CatalogoDeRestaurantesTests.swift */,
			);
			path = CatalogoDeRestaurantesTests;
			sourceTree = "<group>";
		};
/* End PBXGroup section */

/* Begin PBXNativeTarget section */
		00F679FD2E4D124100C8C5A4 /* CatalogoDeRestaurantes */ = {
			isa = PBXNativeTarget;
			buildConfigurationList = 00F67A222E4D124500C8C5A4 /* Build configuration list for PBXNativeTarget "CatalogoDeRestaurantes" */;
			buildPhases = (
				00F679FA2E4D124100C8C5A4 /* Sources */,
				00F679FB2E4D124100C8C5A4 /* Frameworks */,
				00F679FC2E4D124100C8C5A4 /* Resources */,
			);
			buildRules = (
			);
			dependencies = (
			);
			name = CatalogoDeRestaurantes;
			productName = CatalogoDeRestaurantes;
			productReference = 00F679FE2E4D124100C8C5A4 /* CatalogoDeRestaurantes.app */;
			productType = "com.apple.product-type.application";
		};
		00F67A0D2E4D124500C8C5A4 /* CatalogoDeRestaurantesTests */ = {
			isa = PBXNativeTarget;
			buildConfigurationList = 00F67A252E4D124500C8C5A4 /* Build configuration list for PBXNativeTarget "CatalogoDeRestaurantesTests" */;
			buildPhases = (
				00F67A0A2E4D124500C8C5A4 /* Sources */,
				00F67A0B2E4D124500C8C5A4 /* Frameworks */,
				00F67A0C2E4D124500C8C5A4 /* Resources */,
			);
			buildRules = (
			);
			dependencies = (
				00F67A102E4D124500C8C5A4 /* PBXTargetDependency */,
			);
			name = CatalogoDeRestaurantesTests;
			productName = CatalogoDeRestaurantesTests;
			productReference = 00F67A0E2E4D124500C8C5A4 /* CatalogoDeRestaurantesTests.xctest */;
			productType = "com.apple.product-type.bundle.unit-test";
		};
		00F67A172E4D124500C8C5A4 /* CatalogoDeRestaurantesUITests */ = {
			isa = PBXNativeTarget;
			buildConfigurationList = 00F67A282E4D124500C8C5A4 /* Build configuration list for PBXNativeTarget "CatalogoDeRestaurantesUITests" */;
			buildPhases = (
				00F67A142E4D124500C8C5A4 /* Sources */,
				00F67A152E4D124500C8C5A4 /* Frameworks */,
				00F67A162E4D124500C8C5A4 /* Resources */,
			);
			buildRules = (
			);
			dependencies = (
				00F67A1A2E4D124500C8C5A4 /* PBXTargetDependency */,
			);
			name = CatalogoDeRestaurantesUITests;
			productName = CatalogoDeRestaurantesUITests;
			productReference = 00F67A182E4D124500C8C5A4 /* CatalogoDeRestaurantesUITests.xctest */;
			productType = "com.apple.product-type.bundle.ui-testing";
		};
/* End PBXNativeTarget section */

/* Begin PBXProject section */
		00F679F62E4D124100C8C5A4 /* Project object */ = {
			isa = PBXProject;
			attributes = {
				BuildIndependentTargetsInParallel = 1;
				LastSwiftUpdateCheck = 1420;
				LastUpgradeCheck = 1420;
				TargetAttributes = {
					00F679FD2E4D124100C8C5A4 = {
						CreatedOnToolsVersion = 14.2;
					};
					00F67A0D2E4D124500C8C5A4 = {
						CreatedOnToolsVersion = 14.2;
						TestTargetID = 00F679FD2E4D124100C8C5A4;
					};
					00F67A172E4D124500C8C5A4 = {
						CreatedOnToolsVersion = 14.2;
						TestTargetID = 00F679FD2E4D124100C8C5A4;
					};
				};
			};
			buildConfigurationList = 00F679F92E4D124100C8C5A4 /* Build configuration list for PBXProject "CatalogoDeRestaurantes" */;
			compatibilityVersion = "Xcode 14.0";
			developmentRegion = en;
			hasScannedForEncodings = 0;
			knownRegions = (
				en,
				Base,
			);
			mainGroup = 00F679F52E4D124100C8C5A4;
			productRefGroup = 00F679FF2E4D124100C8C5A4 /* Products */;
			projectDirPath = "";
			projectRoot = "";
			targets = (
				00F679FD2E4D124100C8C5A4 /* CatalogoDeRestaurantes */,
				00F67A0D2E4D124500C8C5A4 /* CatalogoDeRestaurantesTests */,
				00F67A172E4D124500C8C5A4 /* CatalogoDeRestaurantesUITests */,
			);
		};
/* End PBXProject section */

/* Begin PBXResourcesBuildPhase section */
		00F679FC2E4D124100C8C5A4 /* Resources */ = {
			isa = PBXResourcesBuildPhase;
			buildActionMask = 2147483647;
			files = (
				00F67A092E4D124400C8C5A4 /* Preview Assets.xcassets in Resources */,
				00F67A062E4D124400C8C5A4 /* Assets.xcassets in Resources */,
			);
			runOnlyForDeploymentPostprocessing = 0;
		};
		00F67A0C2E4D124500C8C5A4 /* Resources */ = {
			isa = PBXResourcesBuildPhase;
			buildActionMask = 2147483647;
			files = (
			);
			runOnlyForDeploymentPostprocessing = 0;
		};
		00F67A162E4D124500C8C5A4 /* Resources */ = {
			isa = PBXResourcesBuildPhase;
			buildActionMask = 2147483647;
			files = (
			);
			runOnlyForDeploymentPostprocessing = 0;
		};
/* End PBXResourcesBuildPhase section */

/* Begin PBXSourcesBuildPhase section */
		00F679FA2E4D124100C8C5A4 /* Sources */ = {
			isa = PBXSourcesBuildPhase;
			buildActionMask = 2147483647;
			files = (
				00F67A042E4D124100C8C5A4 /* ContentView.swift in Sources */,
				00F67A022E4D124100C8C5A4 /* CatalogoDeRestaurantesApp.swift in Sources */,
			);
			runOnlyForDeploymentPostprocessing = 0;
		};
		00F67A0A2E4D124500C8C5A4 /* Sources */ = {
			isa = PBXSourcesBuildPhase;
			buildActionMask = 2147483647;
			files = (
				00F67A132E4D124500C8C5A4 /* CatalogoDeRestaurantesTests.swift in Sources */,
			);
			runOnlyForDeploymentPostprocessing = 0;
		};
		00F67A142E4D124500C8C5A4 /* Sources */ = {
			isa = PBXSourcesBuildPhase;
			buildActionMask = 2147483647;
			files = (
			);
			runOnlyForDeploymentPostprocessing = 0;
		};
/* End PBXSourcesBuildPhase section */

/* Begin PBXTargetDependency section */
		00F67A102E4D124500C8C5A4 /* PBXTargetDependency */ = {
			isa = PBXTargetDependency;
			target = 00F679FD2E4D124100C8C5A4 /* CatalogoDeRestaurantes */;
			targetProxy = 00F67A0F2E4D124500C8C5A4 /* PBXContainerItemProxy */;
		};
		00F67A1A2E4D124500C8C5A4 /* PBXTargetDependency */ = {
			isa = PBXTargetDependency;
			target = 00F679FD2E4D124100C8C5A4 /* CatalogoDeRestaurantes */;
			targetProxy = 00F67A192E4D124500C8C5A4 /* PBXContainerItemProxy */;
		};
/* End PBXTargetDependency section */

/* Begin XCBuildConfiguration section */
		00F67A202E4D124500C8C5A4 /* Debug */ = {
			isa = XCBuildConfiguration;
			buildSettings = {
				ALWAYS_SEARCH_USER_PATHS = NO;
				CLANG_ANALYZER_NONNULL = YES;
				CLANG_ANALYZER_NUMBER_OBJECT_CONVERSION = YES_AGGRESSIVE;
				CLANG_CXX_LANGUAGE_STANDARD = "gnu++20";
				CLANG_ENABLE_MODULES = YES;
				CLANG_ENABLE_OBJC_ARC = YES;
				CLANG_ENABLE_OBJC_WEAK = YES;
				CLANG_WARN_BLOCK_CAPTURE_AUTORELEASING = YES;
				CLANG_WARN_BOOL_CONVERSION = YES;
				CLANG_WARN_COMMA = YES;
				CLANG_WARN_CONSTANT_CONVERSION = YES;
				CLANG_WARN_DEPRECATED_OBJC_IMPLEMENTATIONS = YES;
				CLANG_WARN_DIRECT_OBJC_ISA_USAGE = YES_ERROR;
				CLANG_WARN_DOCUMENTATION_COMMENTS = YES;
				CLANG_WARN_EMPTY_BODY = YES;
				CLANG_WARN_ENUM_CONVERSION = YES;
				CLANG_WARN_INFINITE_RECURSION = YES;
				CLANG_WARN_INT_CONVERSION = YES;
				CLANG_WARN_NON_LITERAL_NULL_CONVERSION = YES;
				CLANG_WARN_OBJC_IMPLICIT_RETAIN_SELF = YES;
				CLANG_WARN_OBJC_LITERAL_CONVERSION = YES;
				CLANG_WARN_OBJC_ROOT_CLASS = YES_ERROR;
				CLANG_WARN_QUOTED_INCLUDE_IN_FRAMEWORK_HEADER = YES;
				CLANG_WARN_RANGE_LOOP_ANALYSIS = YES;
				CLANG_WARN_STRICT_PROTOTYPES = YES;
				CLANG_WARN_SUSPICIOUS_MOVE = YES;
				CLANG_WARN_UNGUARDED_AVAILABILITY = YES_AGGRESSIVE;
				CLANG_WARN_UNREACHABLE_CODE = YES;
				CLANG_WARN__DUPLICATE_METHOD_MATCH = YES;
				COPY_PHASE_STRIP = NO;
				DEBUG_INFORMATION_FORMAT = dwarf;
				ENABLE_STRICT_OBJC_MSGSEND = YES;
				ENABLE_TESTABILITY = YES;
				GCC_C_LANGUAGE_STANDARD = gnu11;
				GCC_DYNAMIC_NO_PIC = NO;
				GCC_NO_COMMON_BLOCKS = YES;
				GCC_OPTIMIZATION_LEVEL = 0;
				GCC_PREPROCESSOR_DEFINITIONS = (
					"DEBUG=1",
					"$(inherited)",
				);
				GCC_WARN_64_TO_32_BIT_CONVERSION = YES;
				GCC_WARN_ABOUT_RETURN_TYPE = YES_ERROR;
				GCC_WARN_UNDECLARED_SELECTOR = YES;
				GCC_WARN_UNINITIALIZED_AUTOS = YES_AGGRESSIVE;
				GCC_WARN_UNUSED_FUNCTION = YES;
				GCC_WARN_UNUSED_VARIABLE = YES;
				IPHONEOS_DEPLOYMENT_TARGET = 16.2;
				MTL_ENABLE_DEBUG_INFO = INCLUDE_SOURCE;
				MTL_FAST_MATH = YES;
				ONLY_ACTIVE_ARCH = YES;
				SDKROOT = iphoneos;
				SWIFT_ACTIVE_COMPILATION_CONDITIONS = DEBUG;
				SWIFT_OPTIMIZATION_LEVEL = "-Onone";
			};
			name = Debug;
		};
		00F67A212E4D124500C8C5A4 /* Release */ = {
			isa = XCBuildConfiguration;
			buildSettings = {
				ALWAYS_SEARCH_USER_PATHS = NO;
				CLANG_ANALYZER_NONNULL = YES;
				CLANG_ANALYZER_NUMBER_OBJECT_CONVERSION = YES_AGGRESSIVE;
				CLANG_CXX_LANGUAGE_STANDARD = "gnu++20";
				CLANG_ENABLE_MODULES = YES;
				CLANG_ENABLE_OBJC_ARC = YES;
				CLANG_ENABLE_OBJC_WEAK = YES;
				CLANG_WARN_BLOCK_CAPTURE_AUTORELEASING = YES;
				CLANG_WARN_BOOL_CONVERSION = YES;
				CLANG_WARN_COMMA = YES;
				CLANG_WARN_CONSTANT_CONVERSION = YES;
				CLANG_WARN_DEPRECATED_OBJC_IMPLEMENTATIONS = YES;
				CLANG_WARN_DIRECT_OBJC_ISA_USAGE = YES_ERROR;
				CLANG_WARN_DOCUMENTATION_COMMENTS = YES;
				CLANG_WARN_EMPTY_BODY = YES;
				CLANG_WARN_ENUM_CONVERSION = YES;
				CLANG_WARN_INFINITE_RECURSION = YES;
				CLANG_WARN_INT_CONVERSION = YES;
				CLANG_WARN_NON_LITERAL_NULL_CONVERSION = YES;
				CLANG_WARN_OBJC_IMPLICIT_RETAIN_SELF = YES;
				CLANG_WARN_OBJC_LITERAL_CONVERSION = YES;
				CLANG_WARN_OBJC_ROOT_CLASS = YES_ERROR;
				CLANG_WARN_QUOTED_INCLUDE_IN_FRAMEWORK_HEADER = YES;
				CLANG_WARN_RANGE_LOOP_ANALYSIS = YES;
				CLANG_WARN_STRICT_PROTOTYPES = YES;
				CLANG_WARN_SUSPICIOUS_MOVE = YES;
				CLANG_WARN_UNGUARDED_AVAILABILITY = YES_AGGRESSIVE;
				CLANG_WARN_UNREACHABLE_CODE = YES;
				CLANG_WARN__DUPLICATE_METHOD_MATCH = YES;
				COPY_PHASE_STRIP = NO;
				DEBUG_INFORMATION_FORMAT = "dwarf-with-dsym";
				ENABLE_NS_ASSERTIONS = NO;
				ENABLE_STRICT_OBJC_MSGSEND = YES;
				GCC_C_LANGUAGE_STANDARD = gnu11;
				GCC_NO_COMMON_BLOCKS = YES;
				GCC_WARN_64_TO_32_BIT_CONVERSION = YES;
				GCC_WARN_ABOUT_RETURN_TYPE = YES_ERROR;
				GCC_WARN_UNDECLARED_SELECTOR = YES;
				GCC_WARN_UNINITIALIZED_AUTOS = YES_AGGRESSIVE;
				GCC_WARN_UNUSED_FUNCTION = YES;
				GCC_WARN_UNUSED_VARIABLE = YES;
				IPHONEOS_DEPLOYMENT_TARGET = 16.2;
				MTL_ENABLE_DEBUG_INFO = NO;
				MTL_FAST_MATH = YES;
				SDKROOT = iphoneos;
				SWIFT_COMPILATION_MODE = wholemodule;
				SWIFT_OPTIMIZATION_LEVEL = "-O";
				VALIDATE_PRODUCT = YES;
			};
			name = Release;
		};
		00F67A232E4D124500C8C5A4 /* Debug */ = {
			isa = XCBuildConfiguration;
			buildSettings = {
				ASSETCATALOG_COMPILER_APPICON_NAME = AppIcon;
				ASSETCATALOG_COMPILER_GLOBAL_ACCENT_COLOR_NAME = AccentColor;
				CODE_SIGN_STYLE = Automatic;
				CURRENT_PROJECT_VERSION = 1;
				DEVELOPMENT_ASSET_PATHS = "\"CatalogoDeRestaurantes/Preview Content\"";
				DEVELOPMENT_TEAM = 8K2659L5G2;
				ENABLE_PREVIEWS = YES;
				GENERATE_INFOPLIST_FILE = YES;
				INFOPLIST_KEY_UIApplicationSceneManifest_Generation = YES;
				INFOPLIST_KEY_UIApplicationSupportsIndirectInputEvents = YES;
				INFOPLIST_KEY_UILaunchScreen_Generation = YES;
				INFOPLIST_KEY_UISupportedInterfaceOrientations_iPad = "UIInterfaceOrientationPortrait UIInterfaceOrientationPortraitUpsideDown UIInterfaceOrientationLandscapeLeft UIInterfaceOrientationLandscapeRight";
				INFOPLIST_KEY_UISupportedInterfaceOrientations_iPhone = "UIInterfaceOrientationPortrait UIInterfaceOrientationLandscapeLeft UIInterfaceOrientationLandscapeRight";
				LD_RUNPATH_SEARCH_PATHS = (
					"$(inherited)",
					"@executable_path/Frameworks",
				);
				MARKETING_VERSION = 1.0;
				PRODUCT_BUNDLE_IDENTIFIER = biancabutti.CatalogoDeRestaurantes;
				PRODUCT_NAME = "$(TARGET_NAME)";
				SWIFT_EMIT_LOC_STRINGS = YES;
				SWIFT_VERSION = 5.0;
				TARGETED_DEVICE_FAMILY = "1,2";
			};
			name = Debug;
		};
		00F67A242E4D124500C8C5A4 /* Release */ = {
			isa = XCBuildConfiguration;
			buildSettings = {
				ASSETCATALOG_COMPILER_APPICON_NAME = AppIcon;
				ASSETCATALOG_COMPILER_GLOBAL_ACCENT_COLOR_NAME = AccentColor;
				CODE_SIGN_STYLE = Automatic;
				CURRENT_PROJECT_VERSION = 1;
				DEVELOPMENT_ASSET_PATHS = "\"CatalogoDeRestaurantes/Preview Content\"";
				DEVELOPMENT_TEAM = 8K2659L5G2;
				ENABLE_PREVIEWS = YES;
				GENERATE_INFOPLIST_FILE = YES;
				INFOPLIST_KEY_UIApplicationSceneManifest_Generation = YES;
				INFOPLIST_KEY_UIApplicationSupportsIndirectInputEvents = YES;
				INFOPLIST_KEY_UILaunchScreen_Generation = YES;
				INFOPLIST_KEY_UISupportedInterfaceOrientations_iPad = "UIInterfaceOrientationPortrait UIInterfaceOrientationPortraitUpsideDown UIInterfaceOrientationLandscapeLeft UIInterfaceOrientationLandscapeRight";
				INFOPLIST_KEY_UISupportedInterfaceOrientations_iPhone = "UIInterfaceOrientationPortrait UIInterfaceOrientationLandscapeLeft UIInterfaceOrientationLandscapeRight";
				LD_RUNPATH_SEARCH_PATHS = (
					"$(inherited)",
					"@executable_path/Frameworks",
				);
				MARKETING_VERSION = 1.0;
				PRODUCT_BUNDLE_IDENTIFIER = biancabutti.CatalogoDeRestaurantes;
				PRODUCT_NAME = "$(TARGET_NAME)";
				SWIFT_EMIT_LOC_STRINGS = YES;
				SWIFT_VERSION = 5.0;
				TARGETED_DEVICE_FAMILY = "1,2";
			};
			name = Release;
		};
		00F67A262E4D124500C8C5A4 /* Debug */ = {
			isa = XCBuildConfiguration;
			buildSettings = {
				ALWAYS_EMBED_SWIFT_STANDARD_LIBRARIES = YES;
				BUNDLE_LOADER = "$(TEST_HOST)";
				CODE_SIGN_STYLE = Automatic;
				CURRENT_PROJECT_VERSION = 1;
				DEVELOPMENT_TEAM = 8K2659L5G2;
				GENERATE_INFOPLIST_FILE = YES;
				IPHONEOS_DEPLOYMENT_TARGET = 16.2;
				MARKETING_VERSION = 1.0;
				PRODUCT_BUNDLE_IDENTIFIER = biancabutti.CatalogoDeRestaurantesTests;
				PRODUCT_NAME = "$(TARGET_NAME)";
				SWIFT_EMIT_LOC_STRINGS = NO;
				SWIFT_VERSION = 5.0;
				TARGETED_DEVICE_FAMILY = "1,2";
				TEST_HOST = "$(BUILT_PRODUCTS_DIR)/CatalogoDeRestaurantes.app/$(BUNDLE_EXECUTABLE_FOLDER_PATH)/CatalogoDeRestaurantes";
			};
			name = Debug;
		};
		00F67A272E4D124500C8C5A4 /* Release */ = {
			isa = XCBuildConfiguration;
			buildSettings = {
				ALWAYS_EMBED_SWIFT_STANDARD_LIBRARIES = YES;
				BUNDLE_LOADER = "$(TEST_HOST)";
				CODE_SIGN_STYLE = Automatic;
				CURRENT_PROJECT_VERSION = 1;
				DEVELOPMENT_TEAM = 8K2659L5G2;
				GENERATE_INFOPLIST_FILE = YES;
				IPHONEOS_DEPLOYMENT_TARGET = 16.2;
				MARKETING_VERSION = 1.0;
				PRODUCT_BUNDLE_IDENTIFIER = biancabutti.CatalogoDeRestaurantesTests;
				PRODUCT_NAME = "$(TARGET_NAME)";
				SWIFT_EMIT_LOC_STRINGS = NO;
				SWIFT_VERSION = 5.0;
				TARGETED_DEVICE_FAMILY = "1,2";
				TEST_HOST = "$(BUILT_PRODUCTS_DIR)/CatalogoDeRestaurantes.app/$(BUNDLE_EXECUTABLE_FOLDER_PATH)/CatalogoDeRestaurantes";
			};
			name = Release;
		};
		00F67A292E4D124500C8C5A4 /* Debug */ = {
			isa = XCBuildConfiguration;
			buildSettings = {
				ALWAYS_EMBED_SWIFT_STANDARD_LIBRARIES = YES;
				CODE_SIGN_STYLE = Automatic;
				CURRENT_PROJECT_VERSION = 1;
				DEVELOPMENT_TEAM = 8K2659L5G2;
				GENERATE_INFOPLIST_FILE = YES;
				MARKETING_VERSION = 1.0;
				PRODUCT_BUNDLE_IDENTIFIER = biancabutti.CatalogoDeRestaurantesUITests;
				PRODUCT_NAME = "$(TARGET_NAME)";
				SWIFT_EMIT_LOC_STRINGS = NO;
				SWIFT_VERSION = 5.0;
				TARGETED_DEVICE_FAMILY = "1,2";
				TEST_TARGET_NAME = CatalogoDeRestaurantes;
			};
			name = Debug;
		};
		00F67A2A2E4D124500C8C5A4 /* Release */ = {
			isa = XCBuildConfiguration;
			buildSettings = {
				ALWAYS_EMBED_SWIFT_STANDARD_LIBRARIES = YES;
				CODE_SIGN_STYLE = Automatic;
				CURRENT_PROJECT_VERSION = 1;
				DEVELOPMENT_TEAM = 8K2659L5G2;
				GENERATE_INFOPLIST_FILE = YES;
				MARKETING_VERSION = 1.0;
				PRODUCT_BUNDLE_IDENTIFIER = biancabutti.CatalogoDeRestaurantesUITests;
				PRODUCT_NAME = "$(TARGET_NAME)";
				SWIFT_EMIT_LOC_STRINGS = NO;
				SWIFT_VERSION = 5.0;
				TARGETED_DEVICE_FAMILY = "1,2";
				TEST_TARGET_NAME = CatalogoDeRestaurantes;
			};
			name = Release;
		};
/* End XCBuildConfiguration section */

/* Begin XCConfigurationList section */
		00F679F92E4D124100C8C5A4 /* Build configuration list for PBXProject "CatalogoDeRestaurantes" */ = {
			isa = XCConfigurationList;
			buildConfigurations = (
				00F67A202E4D124500C8C5A4 /* Debug */,
				00F67A212E4D124500C8C5A4 /* Release */,
			);
			defaultConfigurationIsVisible = 0;
			defaultConfigurationName = Release;
		};
		00F67A222E4D124500C8C5A4 /* Build configuration list for PBXNativeTarget "CatalogoDeRestaurantes" */ = {
			isa = XCConfigurationList;
			buildConfigurations = (
				00F67A232E4D124500C8C5A4 /* Debug */,
				00F67A242E4D124500C8C5A4 /* Release */,
			);
			defaultConfigurationIsVisible = 0;
			defaultConfigurationName = Release;
		};
		00F67A252E4D124500C8C5A4 /* Build configuration list for PBXNativeTarget "CatalogoDeRestaurantesTests" */ = {
			isa = XCConfigurationList;
			buildConfigurations = (
				00F67A262E4D124500C8C5A4 /* Debug */,
				00F67A272E4D124500C8C5A4 /* Release */,
			);
			defaultConfigurationIsVisible = 0;
			defaultConfigurationName = Release;
		};
		00F67A282E4D124500C8C5A4 /* Build configuration list for PBXNativeTarget "CatalogoDeRestaurantesUITests" */ = {
			isa = XCConfigurationList;
			buildConfigurations = (
				00F67A292E4D124500C8C5A4 /* Debug */,
				00F67A2A2E4D124500C8C5A4 /* Release */,
			);
			defaultConfigurationIsVisible = 0;
			defaultConfigurationName = Release;
		};
/* End XCConfigurationList section */
	};
	rootObject = 00F679F62E4D124100C8C5A4 /* Project object */;
}
